
Microsoft Visual Studio Solution File, Format Version 11.00
# Visual Studio 2010
Project("{FAE04EC0-301F-11D3-BF4B-00C04F79EFBC}") = "GettingStartPetaPoco.Console", "GettingStartPetaPoco\GettingStartPetaPoco.Console.csproj", "{578C4EDD-4221-4CA0-9419-567746E92B24}"
EndProject
Global
	GlobalSection(SolutionConfigurationPlatforms) = preSolution
		Debug|x86 = Debug|x86
		Release|x86 = Release|x86
	EndGlobalSection
	GlobalSection(ProjectConfigurationPlatforms) = postSolution
		{578C4EDD-4221-4CA0-9419-567746E92B24}.Debug|x86.ActiveCfg = Debug|x86
		{578C4EDD-4221-4CA0-9419-567746E92B24}.Debug|x86.Build.0 = Debug|x86
		{578C4EDD-4221-4CA0-9419-567746E92B24}.Release|x86.ActiveCfg = Release|x86
		{578C4EDD-4221-4CA0-9419-567746E92B24}.Release|x86.Build.0 = Release|x86
	EndGlobalSection
	GlobalSection(SolutionProperties) = preSolution
		HideSolutionNode = FALSE
	EndGlobalSection
EndGlobal
